
Microsoft Visual Studio Solution File, Format Version 12.00
# Visual Studio 15
VisualStudioVersion = 15.0.28307.106
MinimumVisualStudioVersion = 10.0.40219.1
Project("{FAE04EC0-301F-11D3-BF4B-00C04F79EFBC}") = "dog-service", "dog-service\dog-service.csproj", "{5597657E-DC13-4C2A-A480-2E80F6E96FDA}"
EndProject
Project("{FAE04EC0-301F-11D3-BF4B-00C04F79EFBC}") = "data-library", "data-library\data-library.csproj", "{C3F7E110-91A1-4ED7-89BF-EC117D5DA653}"
EndProject
Project("{FAE04EC0-301F-11D3-BF4B-00C04F79EFBC}") = "aeroplane-service", "aeroplane-service\aeroplane-service.csproj", "{21F8E27F-3B68-47AA-BC62-7B1431E57367}"
EndProject
Project("{FAE04EC0-301F-11D3-BF4B-00C04F79EFBC}") = "audit-service", "audit-service\audit-service.csproj", "{3E888059-6DA3-4E0F-A572-3AE8E797DF64}"
EndProject
Global
	GlobalSection(SolutionConfigurationPlatforms) = preSolution
		Debug|Any CPU = Debug|Any CPU
		Release|Any CPU = Release|Any CPU
	EndGlobalSection
	GlobalSection(ProjectConfigurationPlatforms) = postSolution
		{5597657E-DC13-4C2A-A480-2E80F6E96FDA}.Debug|Any CPU.ActiveCfg = Debug|Any CPU
		{5597657E-DC13-4C2A-A480-2E80F6E96FDA}.Debug|Any CPU.Build.0 = Debug|Any CPU
		{5597657E-DC13-4C2A-A480-2E80F6E96FDA}.Release|Any CPU.ActiveCfg = Release|Any CPU
		{5597657E-DC13-4C2A-A480-2E80F6E96FDA}.Release|Any CPU.Build.0 = Release|Any CPU
		{C3F7E110-91A1-4ED7-89BF-EC117D5DA653}.Debug|Any CPU.ActiveCfg = Debug|Any CPU
		{C3F7E110-91A1-4ED7-89BF-EC117D5DA653}.Debug|Any CPU.Build.0 = Debug|Any CPU
		{C3F7E110-91A1-4ED7-89BF-EC117D5DA653}.Release|Any CPU.ActiveCfg = Release|Any CPU
		{C3F7E110-91A1-4ED7-89BF-EC117D5DA653}.Release|Any CPU.Build.0 = Release|Any CPU
		{21F8E27F-3B68-47AA-BC62-7B1431E57367}.Debug|Any CPU.ActiveCfg = Debug|Any CPU
		{21F8E27F-3B68-47AA-BC62-7B1431E57367}.Debug|Any CPU.Build.0 = Debug|Any CPU
		{21F8E27F-3B68-47AA-BC62-7B1431E57367}.Release|Any CPU.ActiveCfg = Release|Any CPU
		{21F8E27F-3B68-47AA-BC62-7B1431E57367}.Release|Any CPU.Build.0 = Release|Any CPU
		{3E888059-6DA3-4E0F-A572-3AE8E797DF64}.Debug|Any CPU.ActiveCfg = Debug|Any CPU
		{3E888059-6DA3-4E0F-A572-3AE8E797DF64}.Debug|Any CPU.Build.0 = Debug|Any CPU
		{3E888059-6DA3-4E0F-A572-3AE8E797DF64}.Release|Any CPU.ActiveCfg = Release|Any CPU
		{3E888059-6DA3-4E0F-A572-3AE8E797DF64}.Release|Any CPU.Build.0 = Release|Any CPU
	EndGlobalSection
	GlobalSection(SolutionProperties) = preSolution
		HideSolutionNode = FALSE
	EndGlobalSection
	GlobalSection(ExtensibilityGlobals) = postSolution
		SolutionGuid = {1D7B1804-BD7A-41F9-B6E7-99D838E9536E}
	EndGlobalSection
EndGlobal
